// !$*UTF8*$!
{
	archiveVersion = 1;
	classes = {
	};
	objectVersion = 46;
	objects = {

/* Begin PBXBuildFile section */
		70E0AA2D2C4D2AEBF95EF815 /* Pods_YSMFactory_swift.framework in Frameworks */ = {isa = PBXBuildFile; fileRef = 72A40152C53512183CB1C30E /* Pods_YSMFactory_swift.framework */; };
		EE136B4A1E0BCC1C008CB3F4 /* a.gif in Resources */ = {isa = PBXBuildFile; fileRef = EE136B491E0BCC1C008CB3F4 /* a.gif */; };
		EE1949591E17B2F400B793EE /* CIMedianFilter.swift in Sources */ = {isa = PBXBuildFile; fileRef = EE1949581E17B2F400B793EE /* CIMedianFilter.swift */; };
		EE1A61431E16671F00B8D195 /* YSMFilterViewController.swift in Sources */ = {isa = PBXBuildFile; fileRef = EE1A61421E16671F00B8D195 /* YSMFilterViewController.swift */; };
		EE1A61471E16676900B8D195 /* largeImage.jpg in Resources */ = {isa = PBXBuildFile; fileRef = EE1A61451E16676900B8D195 /* largeImage.jpg */; };
		EE1A61481E16676900B8D195 /* local.jpg in Resources */ = {isa = PBXBuildFile; fileRef = EE1A61461E16676900B8D195 /* local.jpg */; };
		EE1A614C1E16A50B00B8D195 /* CIDiscBlur.swift in Sources */ = {isa = PBXBuildFile; fileRef = EE1A614B1E16A50B00B8D195 /* CIDiscBlur.swift */; };
		EE1A614E1E16A89800B8D195 /* CIGaussianBlur.swift in Sources */ = {isa = PBXBuildFile; fileRef = EE1A614D1E16A89800B8D195 /* CIGaussianBlur.swift */; };
		EE1A61501E16A8FE00B8D195 /* CIMaskedVariableBlur.swift in Sources */ = {isa = PBXBuildFile; fileRef = EE1A614F1E16A8FE00B8D195 /* CIMaskedVariableBlur.swift */; };
		EE5049211E10E26000F418BE /* YSMImageLoader.swift in Sources */ = {isa = PBXBuildFile; fileRef = EE5049201E10E26000F418BE /* YSMImageLoader.swift */; };
		EE5049231E1117A600F418BE /* YSMTimer.swift in Sources */ = {isa = PBXBuildFile; fileRef = EE5049221E1117A600F418BE /* YSMTimer.swift */; };
		EE5855951E13AE9800C05355 /* YSMProgressiveImageViewController.swift in Sources */ = {isa = PBXBuildFile; fileRef = EE5855941E13AE9800C05355 /* YSMProgressiveImageViewController.swift */; };
		EE5855971E13B86B00C05355 /* YSMImageDecodeViewController.swift in Sources */ = {isa = PBXBuildFile; fileRef = EE5855961E13B86B00C05355 /* YSMImageDecodeViewController.swift */; };
		EE5855A81E16574D00C05355 /* CIEdgeWork.swift in Sources */ = {isa = PBXBuildFile; fileRef = EE5855A71E16574D00C05355 /* CIEdgeWork.swift */; };
		EE5855AA1E1658C300C05355 /* YSMFilter.swift in Sources */ = {isa = PBXBuildFile; fileRef = EE5855A91E1658C300C05355 /* YSMFilter.swift */; };
		EE5855AC1E1664EC00C05355 /* CIBoxBlur.swift in Sources */ = {isa = PBXBuildFile; fileRef = EE5855AB1E1664EC00C05355 /* CIBoxBlur.swift */; };
		EEA744D91E07E94500E2601D /* TempViewController.swift in Sources */ = {isa = PBXBuildFile; fileRef = EEA744D81E07E94500E2601D /* TempViewController.swift */; };
		EEA744DD1E07E9EE00E2601D /* YSMBaseViewController.swift in Sources */ = {isa = PBXBuildFile; fileRef = EEA744DC1E07E9EE00E2601D /* YSMBaseViewController.swift */; };
		EEA744E11E07EA6000E2601D /* YSMNavigationController.swift in Sources */ = {isa = PBXBuildFile; fileRef = EEA744E01E07EA6000E2601D /* YSMNavigationController.swift */; };
		EEA744FB1E08056600E2601D /* YSMTabBarController.swift in Sources */ = {isa = PBXBuildFile; fileRef = EEA744FA1E08056600E2601D /* YSMTabBarController.swift */; };
		EEA745131E08D42600E2601D /* YSMBaseProtocol.swift in Sources */ = {isa = PBXBuildFile; fileRef = EEA745121E08D42600E2601D /* YSMBaseProtocol.swift */; };
		EEA745151E08E18600E2601D /* YSMUtils.swift in Sources */ = {isa = PBXBuildFile; fileRef = EEA745141E08E18600E2601D /* YSMUtils.swift */; };
		EEA745871E09599C00E2601D /* YSMAdLaunchStyle.swift in Sources */ = {isa = PBXBuildFile; fileRef = EEA745791E09599C00E2601D /* YSMAdLaunchStyle.swift */; };
		EEA745881E09599C00E2601D /* YSMAdViewController.swift in Sources */ = {isa = PBXBuildFile; fileRef = EEA7457A1E09599C00E2601D /* YSMAdViewController.swift */; };
		EEA745891E09599C00E2601D /* YSMPageCollectionView.swift in Sources */ = {isa = PBXBuildFile; fileRef = EEA7457E1E09599C00E2601D /* YSMPageCollectionView.swift */; };
		EEA7458A1E09599C00E2601D /* YSMPageCollectionViewLayout.swift in Sources */ = {isa = PBXBuildFile; fileRef = EEA7457F1E09599C00E2601D /* YSMPageCollectionViewLayout.swift */; };
		EEA7458B1E09599C00E2601D /* YSMPageContentView.swift in Sources */ = {isa = PBXBuildFile; fileRef = EEA745801E09599C00E2601D /* YSMPageContentView.swift */; };
		EEA7458C1E09599C00E2601D /* YSMPageTitleView.swift in Sources */ = {isa = PBXBuildFile; fileRef = EEA745811E09599C00E2601D /* YSMPageTitleView.swift */; };
		EEA7458D1E09599C00E2601D /* YSMPageView.swift in Sources */ = {isa = PBXBuildFile; fileRef = EEA745821E09599C00E2601D /* YSMPageView.swift */; };
		EEA7458E1E09599C00E2601D /* YSMPageViewStye.swift in Sources */ = {isa = PBXBuildFile; fileRef = EEA745831E09599C00E2601D /* YSMPageViewStye.swift */; };
		EEA7458F1E09599C00E2601D /* YSMFlowLayout.swift in Sources */ = {isa = PBXBuildFile; fileRef = EEA745851E09599C00E2601D /* YSMFlowLayout.swift */; };
		EEA745901E09599C00E2601D /* YSMWaterFallFlowReadMe.swift in Sources */ = {isa = PBXBuildFile; fileRef = EEA745861E09599C00E2601D /* YSMWaterFallFlowReadMe.swift */; };
		EEA745921E095A0100E2601D /* YSMCardFlowLayout.swift in Sources */ = {isa = PBXBuildFile; fileRef = EEA745911E095A0100E2601D /* YSMCardFlowLayout.swift */; };
		EEDCBA301DF53ADF00C9CB4F /* AppDelegate.swift in Sources */ = {isa = PBXBuildFile; fileRef = EEDCBA2F1DF53ADF00C9CB4F /* AppDelegate.swift */; };
		EEDCBA321DF53ADF00C9CB4F /* ViewController.swift in Sources */ = {isa = PBXBuildFile; fileRef = EEDCBA311DF53ADF00C9CB4F /* ViewController.swift */; };
		EEDCBA351DF53ADF00C9CB4F /* Main.storyboard in Resources */ = {isa = PBXBuildFile; fileRef = EEDCBA331DF53ADF00C9CB4F /* Main.storyboard */; };
		EEDCBA371DF53ADF00C9CB4F /* Assets.xcassets in Resources */ = {isa = PBXBuildFile; fileRef = EEDCBA361DF53ADF00C9CB4F /* Assets.xcassets */; };
		EEDCBA3A1DF53ADF00C9CB4F /* LaunchScreen.storyboard in Resources */ = {isa = PBXBuildFile; fileRef = EEDCBA381DF53ADF00C9CB4F /* LaunchScreen.storyboard */; };
		EEFBAC811E1FB98000DEE242 /* CIMotionBlur.swift in Sources */ = {isa = PBXBuildFile; fileRef = EEFBAC801E1FB98000DEE242 /* CIMotionBlur.swift */; };
		EEFBAC831E1FBB8700DEE242 /* CINoiseReduction.swift in Sources */ = {isa = PBXBuildFile; fileRef = EEFBAC821E1FBB8700DEE242 /* CINoiseReduction.swift */; };
		EEFBAC851E1FC0BC00DEE242 /* CIZoomBlur.swift in Sources */ = {isa = PBXBuildFile; fileRef = EEFBAC841E1FC0BC00DEE242 /* CIZoomBlur.swift */; };
/* End PBXBuildFile section */

/* Begin PBXFileReference section */
		72A40152C53512183CB1C30E /* Pods_YSMFactory_swift.framework */ = {isa = PBXFileReference; explicitFileType = wrapper.framework; includeInIndex = 0; path = Pods_YSMFactory_swift.framework; sourceTree = BUILT_PRODUCTS_DIR; };
		E54093A60A83EF430D6A4852 /* Pods-YSMFactory-swift.debug.xcconfig */ = {isa = PBXFileReference; includeInIndex = 1; lastKnownFileType = text.xcconfig; name = "Pods-YSMFactory-swift.debug.xcconfig"; path = "Pods/Target Support Files/Pods-YSMFactory-swift/Pods-YSMFactory-swift.debug.xcconfig"; sourceTree = "<group>"; };
		EE136B491E0BCC1C008CB3F4 /* a.gif */ = {isa = PBXFileReference; lastKnownFileType = image.gif; path = a.gif; sourceTree = "<group>"; };
		EE1949581E17B2F400B793EE /* CIMedianFilter.swift */ = {isa = PBXFileReference; fileEncoding = 4; lastKnownFileType = sourcecode.swift; path = CIMedianFilter.swift; sourceTree = "<group>"; };
		EE1A61421E16671F00B8D195 /* YSMFilterViewController.swift */ = {isa = PBXFileReference; fileEncoding = 4; lastKnownFileType = sourcecode.swift; name = YSMFilterViewController.swift; path = CIFilter/YSMFilterViewController.swift; sourceTree = "<group>"; };
		EE1A61451E16676900B8D195 /* largeImage.jpg */ = {isa = PBXFileReference; lastKnownFileType = image.jpeg; path = largeImage.jpg; sourceTree = "<group>"; };
		EE1A61461E16676900B8D195 /* local.jpg */ = {isa = PBXFileReference; lastKnownFileType = image.jpeg; path = local.jpg; sourceTree = "<group>"; };
		EE1A614B1E16A50B00B8D195 /* CIDiscBlur.swift */ = {isa = PBXFileReference; fileEncoding = 4; lastKnownFileType = sourcecode.swift; path = CIDiscBlur.swift; sourceTree = "<group>"; };
		EE1A614D1E16A89800B8D195 /* CIGaussianBlur.swift */ = {isa = PBXFileReference; fileEncoding = 4; lastKnownFileType = sourcecode.swift; path = CIGaussianBlur.swift; sourceTree = "<group>"; };
		EE1A614F1E16A8FE00B8D195 /* CIMaskedVariableBlur.swift */ = {isa = PBXFileReference; fileEncoding = 4; lastKnownFileType = sourcecode.swift; path = CIMaskedVariableBlur.swift; sourceTree = "<group>"; };
		EE5049201E10E26000F418BE /* YSMImageLoader.swift */ = {isa = PBXFileReference; fileEncoding = 4; lastKnownFileType = sourcecode.swift; path = YSMImageLoader.swift; sourceTree = "<group>"; };
		EE5049221E1117A600F418BE /* YSMTimer.swift */ = {isa = PBXFileReference; fileEncoding = 4; lastKnownFileType = sourcecode.swift; path = YSMTimer.swift; sourceTree = "<group>"; };
		EE5855941E13AE9800C05355 /* YSMProgressiveImageViewController.swift */ = {isa = PBXFileReference; fileEncoding = 4; lastKnownFileType = sourcecode.swift; path = YSMProgressiveImageViewController.swift; sourceTree = "<group>"; };
		EE5855961E13B86B00C05355 /* YSMImageDecodeViewController.swift */ = {isa = PBXFileReference; fileEncoding = 4; lastKnownFileType = sourcecode.swift; path = YSMImageDecodeViewController.swift; sourceTree = "<group>"; };
		EE5855A71E16574D00C05355 /* CIEdgeWork.swift */ = {isa = PBXFileReference; fileEncoding = 4; lastKnownFileType = sourcecode.swift; path = CIEdgeWork.swift; sourceTree = "<group>"; };
		EE5855A91E1658C300C05355 /* YSMFilter.swift */ = {isa = PBXFileReference; fileEncoding = 4; lastKnownFileType = sourcecode.swift; path = YSMFilter.swift; sourceTree = "<group>"; };
		EE5855AB1E1664EC00C05355 /* CIBoxBlur.swift */ = {isa = PBXFileReference; fileEncoding = 4; lastKnownFileType = sourcecode.swift; path = CIBoxBlur.swift; sourceTree = "<group>"; };
		EEA744D81E07E94500E2601D /* TempViewController.swift */ = {isa = PBXFileReference; fileEncoding = 4; lastKnownFileType = sourcecode.swift; path = TempViewController.swift; sourceTree = "<group>"; };
		EEA744DC1E07E9EE00E2601D /* YSMBaseViewController.swift */ = {isa = PBXFileReference; fileEncoding = 4; lastKnownFileType = sourcecode.swift; path = YSMBaseViewController.swift; sourceTree = "<group>"; };
		EEA744E01E07EA6000E2601D /* YSMNavigationController.swift */ = {isa = PBXFileReference; fileEncoding = 4; lastKnownFileType = sourcecode.swift; path = YSMNavigationController.swift; sourceTree = "<group>"; };
		EEA744FA1E08056600E2601D /* YSMTabBarController.swift */ = {isa = PBXFileReference; fileEncoding = 4; lastKnownFileType = sourcecode.swift; path = YSMTabBarController.swift; sourceTree = "<group>"; };
		EEA745121E08D42600E2601D /* YSMBaseProtocol.swift */ = {isa = PBXFileReference; fileEncoding = 4; lastKnownFileType = sourcecode.swift; path = YSMBaseProtocol.swift; sourceTree = "<group>"; };
		EEA745141E08E18600E2601D /* YSMUtils.swift */ = {isa = PBXFileReference; fileEncoding = 4; lastKnownFileType = sourcecode.swift; path = YSMUtils.swift; sourceTree = "<group>"; };
		EEA745791E09599C00E2601D /* YSMAdLaunchStyle.swift */ = {isa = PBXFileReference; fileEncoding = 4; lastKnownFileType = sourcecode.swift; path = YSMAdLaunchStyle.swift; sourceTree = "<group>"; };
		EEA7457A1E09599C00E2601D /* YSMAdViewController.swift */ = {isa = PBXFileReference; fileEncoding = 4; lastKnownFileType = sourcecode.swift; path = YSMAdViewController.swift; sourceTree = "<group>"; };
		EEA7457E1E09599C00E2601D /* YSMPageCollectionView.swift */ = {isa = PBXFileReference; fileEncoding = 4; lastKnownFileType = sourcecode.swift; path = YSMPageCollectionView.swift; sourceTree = "<group>"; };
		EEA7457F1E09599C00E2601D /* YSMPageCollectionViewLayout.swift */ = {isa = PBXFileReference; fileEncoding = 4; lastKnownFileType = sourcecode.swift; path = YSMPageCollectionViewLayout.swift; sourceTree = "<group>"; };
		EEA745801E09599C00E2601D /* YSMPageContentView.swift */ = {isa = PBXFileReference; fileEncoding = 4; lastKnownFileType = sourcecode.swift; path = YSMPageContentView.swift; sourceTree = "<group>"; };
		EEA745811E09599C00E2601D /* YSMPageTitleView.swift */ = {isa = PBXFileReference; fileEncoding = 4; lastKnownFileType = sourcecode.swift; path = YSMPageTitleView.swift; sourceTree = "<group>"; };
		EEA745821E09599C00E2601D /* YSMPageView.swift */ = {isa = PBXFileReference; fileEncoding = 4; lastKnownFileType = sourcecode.swift; path = YSMPageView.swift; sourceTree = "<group>"; };
		EEA745831E09599C00E2601D /* YSMPageViewStye.swift */ = {isa = PBXFileReference; fileEncoding = 4; lastKnownFileType = sourcecode.swift; path = YSMPageViewStye.swift; sourceTree = "<group>"; };
		EEA745851E09599C00E2601D /* YSMFlowLayout.swift */ = {isa = PBXFileReference; fileEncoding = 4; lastKnownFileType = sourcecode.swift; path = YSMFlowLayout.swift; sourceTree = "<group>"; };
		EEA745861E09599C00E2601D /* YSMWaterFallFlowReadMe.swift */ = {isa = PBXFileReference; fileEncoding = 4; lastKnownFileType = sourcecode.swift; path = YSMWaterFallFlowReadMe.swift; sourceTree = "<group>"; };
		EEA745911E095A0100E2601D /* YSMCardFlowLayout.swift */ = {isa = PBXFileReference; fileEncoding = 4; lastKnownFileType = sourcecode.swift; path = YSMCardFlowLayout.swift; sourceTree = "<group>"; };
		EEDCBA2C1DF53ADF00C9CB4F /* YSMFactory-swift.app */ = {isa = PBXFileReference; explicitFileType = wrapper.application; includeInIndex = 0; path = "YSMFactory-swift.app"; sourceTree = BUILT_PRODUCTS_DIR; };
		EEDCBA2F1DF53ADF00C9CB4F /* AppDelegate.swift */ = {isa = PBXFileReference; lastKnownFileType = sourcecode.swift; path = AppDelegate.swift; sourceTree = "<group>"; };
		EEDCBA311DF53ADF00C9CB4F /* ViewController.swift */ = {isa = PBXFileReference; lastKnownFileType = sourcecode.swift; name = ViewController.swift; path = ../ViewController.swift; sourceTree = "<group>"; };
		EEDCBA341DF53ADF00C9CB4F /* Base */ = {isa = PBXFileReference; lastKnownFileType = file.storyboard; name = Base; path = Base.lproj/Main.storyboard; sourceTree = "<group>"; };
		EEDCBA361DF53ADF00C9CB4F /* Assets.xcassets */ = {isa = PBXFileReference; lastKnownFileType = folder.assetcatalog; path = Assets.xcassets; sourceTree = "<group>"; };
		EEDCBA391DF53ADF00C9CB4F /* Base */ = {isa = PBXFileReference; lastKnownFileType = file.storyboard; name = Base; path = Base.lproj/LaunchScreen.storyboard; sourceTree = "<group>"; };
		EEDCBA3B1DF53ADF00C9CB4F /* Info.plist */ = {isa = PBXFileReference; lastKnownFileType = text.plist.xml; path = Info.plist; sourceTree = "<group>"; };
		EEFBAC801E1FB98000DEE242 /* CIMotionBlur.swift */ = {isa = PBXFileReference; fileEncoding = 4; lastKnownFileType = sourcecode.swift; path = CIMotionBlur.swift; sourceTree = "<group>"; };
		EEFBAC821E1FBB8700DEE242 /* CINoiseReduction.swift */ = {isa = PBXFileReference; fileEncoding = 4; lastKnownFileType = sourcecode.swift; path = CINoiseReduction.swift; sourceTree = "<group>"; };
		EEFBAC841E1FC0BC00DEE242 /* CIZoomBlur.swift */ = {isa = PBXFileReference; fileEncoding = 4; lastKnownFileType = sourcecode.swift; path = CIZoomBlur.swift; sourceTree = "<group>"; };
		F90F0CCF81FCEDD8BB01C339 /* Pods-YSMFactory-swift.release.xcconfig */ = {isa = PBXFileReference; includeInIndex = 1; lastKnownFileType = text.xcconfig; name = "Pods-YSMFactory-swift.release.xcconfig"; path = "Pods/Target Support Files/Pods-YSMFactory-swift/Pods-YSMFactory-swift.release.xcconfig"; sourceTree = "<group>"; };
/* End PBXFileReference section */

/* Begin PBXFrameworksBuildPhase section */
		EEDCBA291DF53ADF00C9CB4F /* Frameworks */ = {
			isa = PBXFrameworksBuildPhase;
			buildActionMask = 2147483647;
			files = (
				70E0AA2D2C4D2AEBF95EF815 /* Pods_YSMFactory_swift.framework in Frameworks */,
			);
			runOnlyForDeploymentPostprocessing = 0;
		};
/* End PBXFrameworksBuildPhase section */

/* Begin PBXGroup section */
		749E2CB18E85E823F5FE70DB /* Pods */ = {
			isa = PBXGroup;
			children = (
				E54093A60A83EF430D6A4852 /* Pods-YSMFactory-swift.debug.xcconfig */,
				F90F0CCF81FCEDD8BB01C339 /* Pods-YSMFactory-swift.release.xcconfig */,
			);
			name = Pods;
			sourceTree = "<group>";
		};
		94979E782DD1BA5E3E78D688 /* Frameworks */ = {
			isa = PBXGroup;
			children = (
				72A40152C53512183CB1C30E /* Pods_YSMFactory_swift.framework */,
			);
			name = Frameworks;
			sourceTree = "<group>";
		};
		EE0F5CC71DFACEEC00C297F0 /* Issure */ = {
			isa = PBXGroup;
			children = (
			);
			path = Issure;
			sourceTree = "<group>";
		};
		EE136B481E0BCC1C008CB3F4 /* GIf */ = {
			isa = PBXGroup;
			children = (
				EE136B491E0BCC1C008CB3F4 /* a.gif */,
			);
			path = GIf;
			sourceTree = "<group>";
		};
		EE1A61441E16676900B8D195 /* image */ = {
			isa = PBXGroup;
			children = (
				EE1A61451E16676900B8D195 /* largeImage.jpg */,
				EE1A61461E16676900B8D195 /* local.jpg */,
			);
			path = image;
			sourceTree = "<group>";
		};
		EE50491F1E10E24D00F418BE /* YSMImageLoader */ = {
			isa = PBXGroup;
			children = (
				EE5049201E10E26000F418BE /* YSMImageLoader.swift */,
			);
			path = YSMImageLoader;
			sourceTree = "<group>";
		};
		EE5855921E13AE1C00C05355 /* YSMLaboratory */ = {
			isa = PBXGroup;
			children = (
				EE5855931E13AE5D00C05355 /* YSMProgressiveImage */,
			);
			path = YSMLaboratory;
			sourceTree = "<group>";
		};
		EE5855931E13AE5D00C05355 /* YSMProgressiveImage */ = {
			isa = PBXGroup;
			children = (
				EE5855941E13AE9800C05355 /* YSMProgressiveImageViewController.swift */,
				EE5855961E13B86B00C05355 /* YSMImageDecodeViewController.swift */,
			);
			path = YSMProgressiveImage;
			sourceTree = "<group>";
		};
		EE5855A41E164BE900C05355 /* CIFilter */ = {
			isa = PBXGroup;
			children = (
				EE5855A91E1658C300C05355 /* YSMFilter.swift */,
				EE5855AB1E1664EC00C05355 /* CIBoxBlur.swift */,
				EE1A614B1E16A50B00B8D195 /* CIDiscBlur.swift */,
				EE1A614D1E16A89800B8D195 /* CIGaussianBlur.swift */,
				EE1A614F1E16A8FE00B8D195 /* CIMaskedVariableBlur.swift */,
				EE1949581E17B2F400B793EE /* CIMedianFilter.swift */,
				EEFBAC801E1FB98000DEE242 /* CIMotionBlur.swift */,
				EEFBAC821E1FBB8700DEE242 /* CINoiseReduction.swift */,
				EEFBAC841E1FC0BC00DEE242 /* CIZoomBlur.swift */,
				EE5855A71E16574D00C05355 /* CIEdgeWork.swift */,
			);
			path = CIFilter;
			sourceTree = "<group>";
		};
		EEA744CE1E07CEFF00E2601D /* BaseClass */ = {
			isa = PBXGroup;
			children = (
				EEA7450F1E08CFE900E2601D /* Protocol */,
				EEA744DA1E07E9D900E2601D /* Model */,
				EEA744DB1E07E9D900E2601D /* ViewController */,
			);
			path = BaseClass;
			sourceTree = "<group>";
		};
		EEA744D41E07CF0F00E2601D /* Resource */ = {
			isa = PBXGroup;
			children = (
				EE1A61441E16676900B8D195 /* image */,
				EE136B481E0BCC1C008CB3F4 /* GIf */,
			);
			path = Resource;
			sourceTree = "<group>";
		};
		EEA744D51E07CF1700E2601D /* Utils */ = {
			isa = PBXGroup;
			children = (
				EEA745141E08E18600E2601D /* YSMUtils.swift */,
			);
			path = Utils;
			sourceTree = "<group>";
		};
		EEA744D71E07E92900E2601D /* Temp */ = {
			isa = PBXGroup;
			children = (
				EEDCBA311DF53ADF00C9CB4F /* ViewController.swift */,
				EEA744D81E07E94500E2601D /* TempViewController.swift */,
			);
			path = Temp;
			sourceTree = "<group>";
		};
		EEA744DA1E07E9D900E2601D /* Model */ = {
			isa = PBXGroup;
			children = (
			);
			path = Model;
			sourceTree = "<group>";
		};
		EEA744DB1E07E9D900E2601D /* ViewController */ = {
			isa = PBXGroup;
			children = (
				EEA744DC1E07E9EE00E2601D /* YSMBaseViewController.swift */,
				EEA744E01E07EA6000E2601D /* YSMNavigationController.swift */,
			);
			path = ViewController;
			sourceTree = "<group>";
		};
		EEA7450F1E08CFE900E2601D /* Protocol */ = {
			isa = PBXGroup;
			children = (
				EEA745121E08D42600E2601D /* YSMBaseProtocol.swift */,
			);
			path = Protocol;
			sourceTree = "<group>";
		};
		EEA745771E09599C00E2601D /* FeatureRepository */ = {
			isa = PBXGroup;
			children = (
				EE1A61421E16671F00B8D195 /* YSMFilterViewController.swift */,
				EE5855A41E164BE900C05355 /* CIFilter */,
				EE50491F1E10E24D00F418BE /* YSMImageLoader */,
				EEA745781E09599C00E2601D /* YSMAdLaunch */,
				EEA7457B1E09599C00E2601D /* YSMCustomFlowLayout */,
				EEA7457C1E09599C00E2601D /* YSMPageView */,
				EEA745841E09599C00E2601D /* YSMWaterFallFlowLayout */,
			);
			name = FeatureRepository;
			path = Vendor;
			sourceTree = "<group>";
		};
		EEA745781E09599C00E2601D /* YSMAdLaunch */ = {
			isa = PBXGroup;
			children = (
				EEA745791E09599C00E2601D /* YSMAdLaunchStyle.swift */,
				EEA7457A1E09599C00E2601D /* YSMAdViewController.swift */,
				EE5049221E1117A600F418BE /* YSMTimer.swift */,
			);
			path = YSMAdLaunch;
			sourceTree = "<group>";
		};
		EEA7457B1E09599C00E2601D /* YSMCustomFlowLayout */ = {
			isa = PBXGroup;
			children = (
				EEA745911E095A0100E2601D /* YSMCardFlowLayout.swift */,
			);
			path = YSMCustomFlowLayout;
			sourceTree = "<group>";
		};
		EEA7457C1E09599C00E2601D /* YSMPageView */ = {
			isa = PBXGroup;
			children = (
				EEA7457D1E09599C00E2601D /* YSMPageCollectionView */,
				EEA745801E09599C00E2601D /* YSMPageContentView.swift */,
				EEA745811E09599C00E2601D /* YSMPageTitleView.swift */,
				EEA745821E09599C00E2601D /* YSMPageView.swift */,
				EEA745831E09599C00E2601D /* YSMPageViewStye.swift */,
			);
			path = YSMPageView;
			sourceTree = "<group>";
		};
		EEA7457D1E09599C00E2601D /* YSMPageCollectionView */ = {
			isa = PBXGroup;
			children = (
				EEA7457E1E09599C00E2601D /* YSMPageCollectionView.swift */,
				EEA7457F1E09599C00E2601D /* YSMPageCollectionViewLayout.swift */,
			);
			path = YSMPageCollectionView;
			sourceTree = "<group>";
		};
		EEA745841E09599C00E2601D /* YSMWaterFallFlowLayout */ = {
			isa = PBXGroup;
			children = (
				EEA745851E09599C00E2601D /* YSMFlowLayout.swift */,
				EEA745861E09599C00E2601D /* YSMWaterFallFlowReadMe.swift */,
			);
			path = YSMWaterFallFlowLayout;
			sourceTree = "<group>";
		};
		EEDCBA231DF53ADF00C9CB4F = {
			isa = PBXGroup;
			children = (
				EEDCBA2E1DF53ADF00C9CB4F /* YSMFactory-swift */,
				EEDCBA2D1DF53ADF00C9CB4F /* Products */,
				749E2CB18E85E823F5FE70DB /* Pods */,
				94979E782DD1BA5E3E78D688 /* Frameworks */,
			);
			sourceTree = "<group>";
		};
		EEDCBA2D1DF53ADF00C9CB4F /* Products */ = {
			isa = PBXGroup;
			children = (
				EEDCBA2C1DF53ADF00C9CB4F /* YSMFactory-swift.app */,
			);
			name = Products;
			sourceTree = "<group>";
		};
		EEDCBA2E1DF53ADF00C9CB4F /* YSMFactory-swift */ = {
			isa = PBXGroup;
			children = (
				EEDCBA2F1DF53ADF00C9CB4F /* AppDelegate.swift */,
				EEA744FA1E08056600E2601D /* YSMTabBarController.swift */,
				EEA744D71E07E92900E2601D /* Temp */,
				EEA744CE1E07CEFF00E2601D /* BaseClass */,
				EE0F5CC71DFACEEC00C297F0 /* Issure */,
				EEA745771E09599C00E2601D /* FeatureRepository */,
				EE5855921E13AE1C00C05355 /* YSMLaboratory */,
				EEA744D51E07CF1700E2601D /* Utils */,
				EEA744D41E07CF0F00E2601D /* Resource */,
				EEDCBA361DF53ADF00C9CB4F /* Assets.xcassets */,
				EEDCBA331DF53ADF00C9CB4F /* Main.storyboard */,
				EEDCBA381DF53ADF00C9CB4F /* LaunchScreen.storyboard */,
				EEDCBA3B1DF53ADF00C9CB4F /* Info.plist */,
			);
			path = "YSMFactory-swift";
			sourceTree = "<group>";
		};
/* End PBXGroup section */

/* Begin PBXNativeTarget section */
		EEDCBA2B1DF53ADF00C9CB4F /* YSMFactory-swift */ = {
			isa = PBXNativeTarget;
			buildConfigurationList = EEDCBA3E1DF53ADF00C9CB4F /* Build configuration list for PBXNativeTarget "YSMFactory-swift" */;
			buildPhases = (
				AFCD6FC428CD49FDEA3CA409 /* [CP] Check Pods Manifest.lock */,
				EEDCBA281DF53ADF00C9CB4F /* Sources */,
				EEDCBA291DF53ADF00C9CB4F /* Frameworks */,
				EEDCBA2A1DF53ADF00C9CB4F /* Resources */,
				3B0191E785BFA99A3F7C682A /* [CP] Embed Pods Frameworks */,
				DD125782F5F36F96C95A8BC3 /* [CP] Copy Pods Resources */,
			);
			buildRules = (
			);
			dependencies = (
			);
			name = "YSMFactory-swift";
			productName = "YSMFactory-swift";
			productReference = EEDCBA2C1DF53ADF00C9CB4F /* YSMFactory-swift.app */;
			productType = "com.apple.product-type.application";
		};
/* End PBXNativeTarget section */

/* Begin PBXProject section */
		EEDCBA241DF53ADF00C9CB4F /* Project object */ = {
			isa = PBXProject;
			attributes = {
				LastSwiftUpdateCheck = 0810;
				LastUpgradeCheck = 0810;
				ORGANIZATIONNAME = "忆思梦";
				TargetAttributes = {
					EEDCBA2B1DF53ADF00C9CB4F = {
						CreatedOnToolsVersion = 8.1;
						DevelopmentTeam = PK59D9X298;
						ProvisioningStyle = Automatic;
					};
				};
			};
			buildConfigurationList = EEDCBA271DF53ADF00C9CB4F /* Build configuration list for PBXProject "YSMFactory-swift" */;
			compatibilityVersion = "Xcode 3.2";
			developmentRegion = English;
			hasScannedForEncodings = 0;
			knownRegions = (
				en,
				Base,
			);
			mainGroup = EEDCBA231DF53ADF00C9CB4F;
			productRefGroup = EEDCBA2D1DF53ADF00C9CB4F /* Products */;
			projectDirPath = "";
			projectRoot = "";
			targets = (
				EEDCBA2B1DF53ADF00C9CB4F /* YSMFactory-swift */,
			);
		};
/* End PBXProject section */

/* Begin PBXResourcesBuildPhase section */
		EEDCBA2A1DF53ADF00C9CB4F /* Resources */ = {
			isa = PBXResourcesBuildPhase;
			buildActionMask = 2147483647;
			files = (
				EE1A61471E16676900B8D195 /* largeImage.jpg in Resources */,
				EE1A61481E16676900B8D195 /* local.jpg in Resources */,
				EEDCBA3A1DF53ADF00C9CB4F /* LaunchScreen.storyboard in Resources */,
				EEDCBA371DF53ADF00C9CB4F /* Assets.xcassets in Resources */,
				EE136B4A1E0BCC1C008CB3F4 /* a.gif in Resources */,
				EEDCBA351DF53ADF00C9CB4F /* Main.storyboard in Resources */,
			);
			runOnlyForDeploymentPostprocessing = 0;
		};
/* End PBXResourcesBuildPhase section */

/* Begin PBXShellScriptBuildPhase section */
		3B0191E785BFA99A3F7C682A /* [CP] Embed Pods Frameworks */ = {
			isa = PBXShellScriptBuildPhase;
			buildActionMask = 2147483647;
			files = (
			);
			inputPaths = (
			);
			name = "[CP] Embed Pods Frameworks";
			outputPaths = (
			);
			runOnlyForDeploymentPostprocessing = 0;
			shellPath = /bin/sh;
			shellScript = "\"${SRCROOT}/Pods/Target Support Files/Pods-YSMFactory-swift/Pods-YSMFactory-swift-frameworks.sh\"\n";
			showEnvVarsInLog = 0;
		};
		AFCD6FC428CD49FDEA3CA409 /* [CP] Check Pods Manifest.lock */ = {
			isa = PBXShellScriptBuildPhase;
			buildActionMask = 2147483647;
			files = (
			);
			inputPaths = (
			);
			name = "[CP] Check Pods Manifest.lock";
			outputPaths = (
			);
			runOnlyForDeploymentPostprocessing = 0;
			shellPath = /bin/sh;
			shellScript = "diff \"${PODS_ROOT}/../Podfile.lock\" \"${PODS_ROOT}/Manifest.lock\" > /dev/null\nif [ $? != 0 ] ; then\n    # print error to STDERR\n    echo \"error: The sandbox is not in sync with the Podfile.lock. Run 'pod install' or update your CocoaPods installation.\" >&2\n    exit 1\nfi\n";
			showEnvVarsInLog = 0;
		};
		DD125782F5F36F96C95A8BC3 /* [CP] Copy Pods Resources */ = {
			isa = PBXShellScriptBuildPhase;
			buildActionMask = 2147483647;
			files = (
			);
			inputPaths = (
			);
			name = "[CP] Copy Pods Resources";
			outputPaths = (
			);
			runOnlyForDeploymentPostprocessing = 0;
			shellPath = /bin/sh;
			shellScript = "\"${SRCROOT}/Pods/Target Support Files/Pods-YSMFactory-swift/Pods-YSMFactory-swift-resources.sh\"\n";
			showEnvVarsInLog = 0;
		};
/* End PBXShellScriptBuildPhase section */

/* Begin PBXSourcesBuildPhase section */
		EEDCBA281DF53ADF00C9CB4F /* Sources */ = {
			isa = PBXSourcesBuildPhase;
			buildActionMask = 2147483647;
			files = (
				EEFBAC851E1FC0BC00DEE242 /* CIZoomBlur.swift in Sources */,
				EE5855971E13B86B00C05355 /* YSMImageDecodeViewController.swift in Sources */,
				EEFBAC811E1FB98000DEE242 /* CIMotionBlur.swift in Sources */,
				EE5855951E13AE9800C05355 /* YSMProgressiveImageViewController.swift in Sources */,
				EEA745901E09599C00E2601D /* YSMWaterFallFlowReadMe.swift in Sources */,
				EEA745871E09599C00E2601D /* YSMAdLaunchStyle.swift in Sources */,
				EEFBAC831E1FBB8700DEE242 /* CINoiseReduction.swift in Sources */,
				EE5855AA1E1658C300C05355 /* YSMFilter.swift in Sources */,
				EEA744FB1E08056600E2601D /* YSMTabBarController.swift in Sources */,
				EE5049211E10E26000F418BE /* YSMImageLoader.swift in Sources */,
				EEA744D91E07E94500E2601D /* TempViewController.swift in Sources */,
				EEA7458F1E09599C00E2601D /* YSMFlowLayout.swift in Sources */,
				EEA744DD1E07E9EE00E2601D /* YSMBaseViewController.swift in Sources */,
				EEA7458E1E09599C00E2601D /* YSMPageViewStye.swift in Sources */,
				EE5855AC1E1664EC00C05355 /* CIBoxBlur.swift in Sources */,
				EEA745891E09599C00E2601D /* YSMPageCollectionView.swift in Sources */,
				EE1A614C1E16A50B00B8D195 /* CIDiscBlur.swift in Sources */,
				EE5049231E1117A600F418BE /* YSMTimer.swift in Sources */,
				EEA745881E09599C00E2601D /* YSMAdViewController.swift in Sources */,
				EEA744E11E07EA6000E2601D /* YSMNavigationController.swift in Sources */,
				EE1A614E1E16A89800B8D195 /* CIGaussianBlur.swift in Sources */,
				EE5855A81E16574D00C05355 /* CIEdgeWork.swift in Sources */,
				EE1949591E17B2F400B793EE /* CIMedianFilter.swift in Sources */,
				EEA7458B1E09599C00E2601D /* YSMPageContentView.swift in Sources */,
				EE1A61431E16671F00B8D195 /* YSMFilterViewController.swift in Sources */,
				EEA7458A1E09599C00E2601D /* YSMPageCollectionViewLayout.swift in Sources */,
				EEA745151E08E18600E2601D /* YSMUtils.swift in Sources */,
				EEA745921E095A0100E2601D /* YSMCardFlowLayout.swift in Sources */,
				EEDCBA321DF53ADF00C9CB4F /* ViewController.swift in Sources */,
				EEA7458C1E09599C00E2601D /* YSMPageTitleView.swift in Sources */,
				EEA745131E08D42600E2601D /* YSMBaseProtocol.swift in Sources */,
				EEDCBA301DF53ADF00C9CB4F /* AppDelegate.swift in Sources */,
				EE1A61501E16A8FE00B8D195 /* CIMaskedVariableBlur.swift in Sources */,
				EEA7458D1E09599C00E2601D /* YSMPageView.swift in Sources */,
			);
			runOnlyForDeploymentPostprocessing = 0;
		};
/* End PBXSourcesBuildPhase section */

/* Begin PBXVariantGroup section */
		EEDCBA331DF53ADF00C9CB4F /* Main.storyboard */ = {
			isa = PBXVariantGroup;
			children = (
				EEDCBA341DF53ADF00C9CB4F /* Base */,
			);
			name = Main.storyboard;
			sourceTree = "<group>";
		};
		EEDCBA381DF53ADF00C9CB4F /* LaunchScreen.storyboard */ = {
			isa = PBXVariantGroup;
			children = (
				EEDCBA391DF53ADF00C9CB4F /* Base */,
			);
			name = LaunchScreen.storyboard;
			sourceTree = "<group>";
		};
/* End PBXVariantGroup section */

/* Begin XCBuildConfiguration section */
		EEDCBA3C1DF53ADF00C9CB4F /* Debug */ = {
			isa = XCBuildConfiguration;
			buildSettings = {
				ALWAYS_SEARCH_USER_PATHS = NO;
				CLANG_ANALYZER_NONNULL = YES;
				CLANG_CXX_LANGUAGE_STANDARD = "gnu++0x";
				CLANG_CXX_LIBRARY = "libc++";
				CLANG_ENABLE_MODULES = YES;
				CLANG_ENABLE_OBJC_ARC = YES;
				CLANG_WARN_BOOL_CONVERSION = YES;
				CLANG_WARN_CONSTANT_CONVERSION = YES;
				CLANG_WARN_DIRECT_OBJC_ISA_USAGE = YES_ERROR;
				CLANG_WARN_DOCUMENTATION_COMMENTS = YES;
				CLANG_WARN_EMPTY_BODY = YES;
				CLANG_WARN_ENUM_CONVERSION = YES;
				CLANG_WARN_INFINITE_RECURSION = YES;
				CLANG_WARN_INT_CONVERSION = YES;
				CLANG_WARN_OBJC_ROOT_CLASS = YES_ERROR;
				CLANG_WARN_SUSPICIOUS_MOVES = YES;
				CLANG_WARN_UNREACHABLE_CODE = YES;
				CLANG_WARN__DUPLICATE_METHOD_MATCH = YES;
				"CODE_SIGN_IDENTITY[sdk=iphoneos*]" = "iPhone Developer";
				COPY_PHASE_STRIP = NO;
				DEBUG_INFORMATION_FORMAT = dwarf;
				ENABLE_STRICT_OBJC_MSGSEND = YES;
				ENABLE_TESTABILITY = YES;
				GCC_C_LANGUAGE_STANDARD = gnu99;
				GCC_DYNAMIC_NO_PIC = NO;
				GCC_NO_COMMON_BLOCKS = YES;
				GCC_OPTIMIZATION_LEVEL = 0;
				GCC_PREPROCESSOR_DEFINITIONS = (
					"DEBUG=1",
					"$(inherited)",
				);
				GCC_WARN_64_TO_32_BIT_CONVERSION = YES;
				GCC_WARN_ABOUT_RETURN_TYPE = YES_ERROR;
				GCC_WARN_UNDECLARED_SELECTOR = YES;
				GCC_WARN_UNINITIALIZED_AUTOS = YES_AGGRESSIVE;
				GCC_WARN_UNUSED_FUNCTION = YES;
				GCC_WARN_UNUSED_VARIABLE = YES;
				IPHONEOS_DEPLOYMENT_TARGET = 10.1;
				MTL_ENABLE_DEBUG_INFO = YES;
				ONLY_ACTIVE_ARCH = YES;
				SDKROOT = iphoneos;
				SWIFT_ACTIVE_COMPILATION_CONDITIONS = DEBUG;
				SWIFT_OPTIMIZATION_LEVEL = "-Onone";
			};
			name = Debug;
		};
		EEDCBA3D1DF53ADF00C9CB4F /* Release */ = {
			isa = XCBuildConfiguration;
			buildSettings = {
				ALWAYS_SEARCH_USER_PATHS = NO;
				CLANG_ANALYZER_NONNULL = YES;
				CLANG_CXX_LANGUAGE_STANDARD = "gnu++0x";
				CLANG_CXX_LIBRARY = "libc++";
				CLANG_ENABLE_MODULES = YES;
				CLANG_ENABLE_OBJC_ARC = YES;
				CLANG_WARN_BOOL_CONVERSION = YES;
				CLANG_WARN_CONSTANT_CONVERSION = YES;
				CLANG_WARN_DIRECT_OBJC_ISA_USAGE = YES_ERROR;
				CLANG_WARN_DOCUMENTATION_COMMENTS = YES;
				CLANG_WARN_EMPTY_BODY = YES;
				CLANG_WARN_ENUM_CONVERSION = YES;
				CLANG_WARN_INFINITE_RECURSION = YES;
				CLANG_WARN_INT_CONVERSION = YES;
				CLANG_WARN_OBJC_ROOT_CLASS = YES_ERROR;
				CLANG_WARN_SUSPICIOUS_MOVES = YES;
				CLANG_WARN_UNREACHABLE_CODE = YES;
				CLANG_WARN__DUPLICATE_METHOD_MATCH = YES;
				"CODE_SIGN_IDENTITY[sdk=iphoneos*]" = "iPhone Developer";
				COPY_PHASE_STRIP = NO;
				DEBUG_INFORMATION_FORMAT = "dwarf-with-dsym";
				ENABLE_NS_ASSERTIONS = NO;
				ENABLE_STRICT_OBJC_MSGSEND = YES;
				GCC_C_LANGUAGE_STANDARD = gnu99;
				GCC_NO_COMMON_BLOCKS = YES;
				GCC_WARN_64_TO_32_BIT_CONVERSION = YES;
				GCC_WARN_ABOUT_RETURN_TYPE = YES_ERROR;
				GCC_WARN_UNDECLARED_SELECTOR = YES;
				GCC_WARN_UNINITIALIZED_AUTOS = YES_AGGRESSIVE;
				GCC_WARN_UNUSED_FUNCTION = YES;
				GCC_WARN_UNUSED_VARIABLE = YES;
				IPHONEOS_DEPLOYMENT_TARGET = 10.1;
				MTL_ENABLE_DEBUG_INFO = NO;
				SDKROOT = iphoneos;
				SWIFT_OPTIMIZATION_LEVEL = "-Owholemodule";
				VALIDATE_PRODUCT = YES;
			};
			name = Release;
		};
		EEDCBA3F1DF53ADF00C9CB4F /* Debug */ = {
			isa = XCBuildConfiguration;
			baseConfigurationReference = E54093A60A83EF430D6A4852 /* Pods-YSMFactory-swift.debug.xcconfig */;
			buildSettings = {
				ASSETCATALOG_COMPILER_APPICON_NAME = AppIcon;
				ASSETCATALOG_COMPILER_LAUNCHIMAGE_NAME = LaunchImage;
				"CODE_SIGN_IDENTITY[sdk=iphoneos*]" = "iPhone Developer";
				DEVELOPMENT_TEAM = PK59D9X298;
				INFOPLIST_FILE = "YSMFactory-swift/Info.plist";
				IPHONEOS_DEPLOYMENT_TARGET = 9.1;
				LD_RUNPATH_SEARCH_PATHS = "$(inherited) @executable_path/Frameworks";
				PRODUCT_BUNDLE_IDENTIFIER = "simeng.YSMFactory-swift";
				PRODUCT_NAME = "$(TARGET_NAME)";
				SWIFT_VERSION = 3.0;
			};
			name = Debug;
		};
		EEDCBA401DF53ADF00C9CB4F /* Release */ = {
			isa = XCBuildConfiguration;
			baseConfigurationReference = F90F0CCF81FCEDD8BB01C339 /* Pods-YSMFactory-swift.release.xcconfig */;
			buildSettings = {
				ASSETCATALOG_COMPILER_APPICON_NAME = AppIcon;
				ASSETCATALOG_COMPILER_LAUNCHIMAGE_NAME = LaunchImage;
				"CODE_SIGN_IDENTITY[sdk=iphoneos*]" = "iPhone Developer";
				DEVELOPMENT_TEAM = PK59D9X298;
				INFOPLIST_FILE = "YSMFactory-swift/Info.plist";
				IPHONEOS_DEPLOYMENT_TARGET = 9.1;
				LD_RUNPATH_SEARCH_PATHS = "$(inherited) @executable_path/Frameworks";
				PRODUCT_BUNDLE_IDENTIFIER = "simeng.YSMFactory-swift";
				PRODUCT_NAME = "$(TARGET_NAME)";
				SWIFT_VERSION = 3.0;
			};
			name = Release;
		};
/* End XCBuildConfiguration section */

/* Begin XCConfigurationList section */
		EEDCBA271DF53ADF00C9CB4F /* Build configuration list for PBXProject "YSMFactory-swift" */ = {
			isa = XCConfigurationList;
			buildConfigurations = (
				EEDCBA3C1DF53ADF00C9CB4F /* Debug */,
				EEDCBA3D1DF53ADF00C9CB4F /* Release */,
			);
			defaultConfigurationIsVisible = 0;
			defaultConfigurationName = Release;
		};
		EEDCBA3E1DF53ADF00C9CB4F /* Build configuration list for PBXNativeTarget "YSMFactory-swift" */ = {
			isa = XCConfigurationList;
			buildConfigurations = (
				EEDCBA3F1DF53ADF00C9CB4F /* Debug */,
				EEDCBA401DF53ADF00C9CB4F /* Release */,
			);
			defaultConfigurationIsVisible = 0;
			defaultConfigurationName = Release;
		};
/* End XCConfigurationList section */
	};
	rootObject = EEDCBA241DF53ADF00C9CB4F /* Project object */;
}
