// !$*UTF8*$!
{
	archiveVersion = 1;
	classes = {
	};
	objectVersion = 46;
	objects = {

/* Begin PBXBuildFile section */
		70E0AA2D2C4D2AEBF95EF815 /* Pods_YSMFactory_swift.framework in Frameworks */ = {isa = PBXBuildFile; fileRef = 72A40152C53512183CB1C30E /* Pods_YSMFactory_swift.framework */; };
		EE0F5CC41DFA60DA00C297F0 /* YSMAdViewController.swift in Sources */ = {isa = PBXBuildFile; fileRef = EE0F5CC31DFA60DA00C297F0 /* YSMAdViewController.swift */; };
		EE0F5CC61DFA645100C297F0 /* YSMAdLaunchStyle.swift in Sources */ = {isa = PBXBuildFile; fileRef = EE0F5CC51DFA645100C297F0 /* YSMAdLaunchStyle.swift */; };
		EE0F5CD01DFAD11000C297F0 /* YSMClass.swift in Sources */ = {isa = PBXBuildFile; fileRef = EE0F5CCF1DFAD11000C297F0 /* YSMClass.swift */; };
		EE0F5CD21DFAD11F00C297F0 /* YSMProtocol.swift in Sources */ = {isa = PBXBuildFile; fileRef = EE0F5CD11DFAD11F00C297F0 /* YSMProtocol.swift */; };
		EE22FCEA1E00F5400034165F /* Person.swift in Sources */ = {isa = PBXBuildFile; fileRef = EE22FCE91E00F5400034165F /* Person.swift */; };
		EE22FCEC1E00F5590034165F /* Animal.swift in Sources */ = {isa = PBXBuildFile; fileRef = EE22FCEB1E00F5590034165F /* Animal.swift */; };
		EED984381DF9434C005485E2 /* YSMWaterFallFlowReadMe.swift in Sources */ = {isa = PBXBuildFile; fileRef = EED984371DF9434C005485E2 /* YSMWaterFallFlowReadMe.swift */; };
		EEDCBA301DF53ADF00C9CB4F /* AppDelegate.swift in Sources */ = {isa = PBXBuildFile; fileRef = EEDCBA2F1DF53ADF00C9CB4F /* AppDelegate.swift */; };
		EEDCBA321DF53ADF00C9CB4F /* ViewController.swift in Sources */ = {isa = PBXBuildFile; fileRef = EEDCBA311DF53ADF00C9CB4F /* ViewController.swift */; };
		EEDCBA351DF53ADF00C9CB4F /* Main.storyboard in Resources */ = {isa = PBXBuildFile; fileRef = EEDCBA331DF53ADF00C9CB4F /* Main.storyboard */; };
		EEDCBA371DF53ADF00C9CB4F /* Assets.xcassets in Resources */ = {isa = PBXBuildFile; fileRef = EEDCBA361DF53ADF00C9CB4F /* Assets.xcassets */; };
		EEDCBA3A1DF53ADF00C9CB4F /* LaunchScreen.storyboard in Resources */ = {isa = PBXBuildFile; fileRef = EEDCBA381DF53ADF00C9CB4F /* LaunchScreen.storyboard */; };
		EEDCBA451DF53BD700C9CB4F /* UIColor+Extension.swift in Sources */ = {isa = PBXBuildFile; fileRef = EEDCBA441DF53BD700C9CB4F /* UIColor+Extension.swift */; };
		EEDCBA491DF54CA800C9CB4F /* YSMPageView.swift in Sources */ = {isa = PBXBuildFile; fileRef = EEDCBA481DF54CA800C9CB4F /* YSMPageView.swift */; };
		EEDCBA4B1DF54CB600C9CB4F /* YSMPageTitleView.swift in Sources */ = {isa = PBXBuildFile; fileRef = EEDCBA4A1DF54CB600C9CB4F /* YSMPageTitleView.swift */; };
		EEDCBA4D1DF54D2200C9CB4F /* YSMPageContentView.swift in Sources */ = {isa = PBXBuildFile; fileRef = EEDCBA4C1DF54D2200C9CB4F /* YSMPageContentView.swift */; };
		EEDCBA4F1DF5500700C9CB4F /* YSMPageViewStye.swift in Sources */ = {isa = PBXBuildFile; fileRef = EEDCBA4E1DF5500700C9CB4F /* YSMPageViewStye.swift */; };
		EEDCBA511DF55ACE00C9CB4F /* UIView+Extension.swift in Sources */ = {isa = PBXBuildFile; fileRef = EEDCBA501DF55ACE00C9CB4F /* UIView+Extension.swift */; };
		EEFFA7F21DF7F1D500F831A1 /* YSMFlowLayout.swift in Sources */ = {isa = PBXBuildFile; fileRef = EEFFA7F11DF7F1D500F831A1 /* YSMFlowLayout.swift */; };
/* End PBXBuildFile section */

/* Begin PBXFileReference section */
		72A40152C53512183CB1C30E /* Pods_YSMFactory_swift.framework */ = {isa = PBXFileReference; explicitFileType = wrapper.framework; includeInIndex = 0; path = Pods_YSMFactory_swift.framework; sourceTree = BUILT_PRODUCTS_DIR; };
		E54093A60A83EF430D6A4852 /* Pods-YSMFactory-swift.debug.xcconfig */ = {isa = PBXFileReference; includeInIndex = 1; lastKnownFileType = text.xcconfig; name = "Pods-YSMFactory-swift.debug.xcconfig"; path = "Pods/Target Support Files/Pods-YSMFactory-swift/Pods-YSMFactory-swift.debug.xcconfig"; sourceTree = "<group>"; };
		EE0F5CC31DFA60DA00C297F0 /* YSMAdViewController.swift */ = {isa = PBXFileReference; fileEncoding = 4; lastKnownFileType = sourcecode.swift; path = YSMAdViewController.swift; sourceTree = "<group>"; };
		EE0F5CC51DFA645100C297F0 /* YSMAdLaunchStyle.swift */ = {isa = PBXFileReference; fileEncoding = 4; lastKnownFileType = sourcecode.swift; path = YSMAdLaunchStyle.swift; sourceTree = "<group>"; };
		EE0F5CCF1DFAD11000C297F0 /* YSMClass.swift */ = {isa = PBXFileReference; fileEncoding = 4; lastKnownFileType = sourcecode.swift; path = YSMClass.swift; sourceTree = "<group>"; };
		EE0F5CD11DFAD11F00C297F0 /* YSMProtocol.swift */ = {isa = PBXFileReference; fileEncoding = 4; lastKnownFileType = sourcecode.swift; path = YSMProtocol.swift; sourceTree = "<group>"; };
		EE22FCE91E00F5400034165F /* Person.swift */ = {isa = PBXFileReference; fileEncoding = 4; lastKnownFileType = sourcecode.swift; path = Person.swift; sourceTree = "<group>"; };
		EE22FCEB1E00F5590034165F /* Animal.swift */ = {isa = PBXFileReference; fileEncoding = 4; lastKnownFileType = sourcecode.swift; path = Animal.swift; sourceTree = "<group>"; };
		EED984371DF9434C005485E2 /* YSMWaterFallFlowReadMe.swift */ = {isa = PBXFileReference; fileEncoding = 4; lastKnownFileType = sourcecode.swift; path = YSMWaterFallFlowReadMe.swift; sourceTree = "<group>"; };
		EEDCBA2C1DF53ADF00C9CB4F /* YSMFactory-swift.app */ = {isa = PBXFileReference; explicitFileType = wrapper.application; includeInIndex = 0; path = "YSMFactory-swift.app"; sourceTree = BUILT_PRODUCTS_DIR; };
		EEDCBA2F1DF53ADF00C9CB4F /* AppDelegate.swift */ = {isa = PBXFileReference; lastKnownFileType = sourcecode.swift; path = AppDelegate.swift; sourceTree = "<group>"; };
		EEDCBA311DF53ADF00C9CB4F /* ViewController.swift */ = {isa = PBXFileReference; lastKnownFileType = sourcecode.swift; path = ViewController.swift; sourceTree = "<group>"; };
		EEDCBA341DF53ADF00C9CB4F /* Base */ = {isa = PBXFileReference; lastKnownFileType = file.storyboard; name = Base; path = Base.lproj/Main.storyboard; sourceTree = "<group>"; };
		EEDCBA361DF53ADF00C9CB4F /* Assets.xcassets */ = {isa = PBXFileReference; lastKnownFileType = folder.assetcatalog; path = Assets.xcassets; sourceTree = "<group>"; };
		EEDCBA391DF53ADF00C9CB4F /* Base */ = {isa = PBXFileReference; lastKnownFileType = file.storyboard; name = Base; path = Base.lproj/LaunchScreen.storyboard; sourceTree = "<group>"; };
		EEDCBA3B1DF53ADF00C9CB4F /* Info.plist */ = {isa = PBXFileReference; lastKnownFileType = text.plist.xml; path = Info.plist; sourceTree = "<group>"; };
		EEDCBA441DF53BD700C9CB4F /* UIColor+Extension.swift */ = {isa = PBXFileReference; fileEncoding = 4; lastKnownFileType = sourcecode.swift; path = "UIColor+Extension.swift"; sourceTree = "<group>"; };
		EEDCBA481DF54CA800C9CB4F /* YSMPageView.swift */ = {isa = PBXFileReference; fileEncoding = 4; lastKnownFileType = sourcecode.swift; path = YSMPageView.swift; sourceTree = "<group>"; };
		EEDCBA4A1DF54CB600C9CB4F /* YSMPageTitleView.swift */ = {isa = PBXFileReference; fileEncoding = 4; lastKnownFileType = sourcecode.swift; path = YSMPageTitleView.swift; sourceTree = "<group>"; };
		EEDCBA4C1DF54D2200C9CB4F /* YSMPageContentView.swift */ = {isa = PBXFileReference; fileEncoding = 4; lastKnownFileType = sourcecode.swift; path = YSMPageContentView.swift; sourceTree = "<group>"; };
		EEDCBA4E1DF5500700C9CB4F /* YSMPageViewStye.swift */ = {isa = PBXFileReference; fileEncoding = 4; lastKnownFileType = sourcecode.swift; path = YSMPageViewStye.swift; sourceTree = "<group>"; };
		EEDCBA501DF55ACE00C9CB4F /* UIView+Extension.swift */ = {isa = PBXFileReference; fileEncoding = 4; lastKnownFileType = sourcecode.swift; path = "UIView+Extension.swift"; sourceTree = "<group>"; };
		EEFFA7F11DF7F1D500F831A1 /* YSMFlowLayout.swift */ = {isa = PBXFileReference; fileEncoding = 4; lastKnownFileType = sourcecode.swift; path = YSMFlowLayout.swift; sourceTree = "<group>"; };
		F90F0CCF81FCEDD8BB01C339 /* Pods-YSMFactory-swift.release.xcconfig */ = {isa = PBXFileReference; includeInIndex = 1; lastKnownFileType = text.xcconfig; name = "Pods-YSMFactory-swift.release.xcconfig"; path = "Pods/Target Support Files/Pods-YSMFactory-swift/Pods-YSMFactory-swift.release.xcconfig"; sourceTree = "<group>"; };
/* End PBXFileReference section */

/* Begin PBXFrameworksBuildPhase section */
		EEDCBA291DF53ADF00C9CB4F /* Frameworks */ = {
			isa = PBXFrameworksBuildPhase;
			buildActionMask = 2147483647;
			files = (
				70E0AA2D2C4D2AEBF95EF815 /* Pods_YSMFactory_swift.framework in Frameworks */,
			);
			runOnlyForDeploymentPostprocessing = 0;
		};
/* End PBXFrameworksBuildPhase section */

/* Begin PBXGroup section */
		749E2CB18E85E823F5FE70DB /* Pods */ = {
			isa = PBXGroup;
			children = (
				E54093A60A83EF430D6A4852 /* Pods-YSMFactory-swift.debug.xcconfig */,
				F90F0CCF81FCEDD8BB01C339 /* Pods-YSMFactory-swift.release.xcconfig */,
			);
			name = Pods;
			sourceTree = "<group>";
		};
		94979E782DD1BA5E3E78D688 /* Frameworks */ = {
			isa = PBXGroup;
			children = (
				72A40152C53512183CB1C30E /* Pods_YSMFactory_swift.framework */,
			);
			name = Frameworks;
			sourceTree = "<group>";
		};
		EE0F5CC21DFA608100C297F0 /* YSMAdLaunch */ = {
			isa = PBXGroup;
			children = (
				EE0F5CC51DFA645100C297F0 /* YSMAdLaunchStyle.swift */,
				EE0F5CC31DFA60DA00C297F0 /* YSMAdViewController.swift */,
			);
			path = YSMAdLaunch;
			sourceTree = "<group>";
		};
		EE0F5CC71DFACEEC00C297F0 /* Issure */ = {
			isa = PBXGroup;
			children = (
				EE0F5CC81DFACF5800C297F0 /* ProtocolExtension */,
			);
			path = Issure;
			sourceTree = "<group>";
		};
		EE0F5CC81DFACF5800C297F0 /* ProtocolExtension */ = {
			isa = PBXGroup;
			children = (
				EE0F5CCF1DFAD11000C297F0 /* YSMClass.swift */,
				EE0F5CD11DFAD11F00C297F0 /* YSMProtocol.swift */,
			);
			path = ProtocolExtension;
			sourceTree = "<group>";
		};
		EEDCBA231DF53ADF00C9CB4F = {
			isa = PBXGroup;
			children = (
				EEDCBA2E1DF53ADF00C9CB4F /* YSMFactory-swift */,
				EEDCBA2D1DF53ADF00C9CB4F /* Products */,
				749E2CB18E85E823F5FE70DB /* Pods */,
				94979E782DD1BA5E3E78D688 /* Frameworks */,
			);
			sourceTree = "<group>";
		};
		EEDCBA2D1DF53ADF00C9CB4F /* Products */ = {
			isa = PBXGroup;
			children = (
				EEDCBA2C1DF53ADF00C9CB4F /* YSMFactory-swift.app */,
			);
			name = Products;
			sourceTree = "<group>";
		};
		EEDCBA2E1DF53ADF00C9CB4F /* YSMFactory-swift */ = {
			isa = PBXGroup;
			children = (
				EEDCBA2F1DF53ADF00C9CB4F /* AppDelegate.swift */,
				EEDCBA311DF53ADF00C9CB4F /* ViewController.swift */,
				EE22FCE91E00F5400034165F /* Person.swift */,
				EE22FCEB1E00F5590034165F /* Animal.swift */,
				EE0F5CC71DFACEEC00C297F0 /* Issure */,
				EEDCBA461DF54C9000C9CB4F /* Vender */,
				EEDCBA431DF53BD700C9CB4F /* Extension */,
				EEDCBA331DF53ADF00C9CB4F /* Main.storyboard */,
				EEDCBA361DF53ADF00C9CB4F /* Assets.xcassets */,
				EEDCBA381DF53ADF00C9CB4F /* LaunchScreen.storyboard */,
				EEDCBA3B1DF53ADF00C9CB4F /* Info.plist */,
			);
			path = "YSMFactory-swift";
			sourceTree = "<group>";
		};
		EEDCBA431DF53BD700C9CB4F /* Extension */ = {
			isa = PBXGroup;
			children = (
				EEDCBA441DF53BD700C9CB4F /* UIColor+Extension.swift */,
				EEDCBA501DF55ACE00C9CB4F /* UIView+Extension.swift */,
			);
			path = Extension;
			sourceTree = "<group>";
		};
		EEDCBA461DF54C9000C9CB4F /* Vender */ = {
			isa = PBXGroup;
			children = (
				EE0F5CC21DFA608100C297F0 /* YSMAdLaunch */,
				EEFFA7F01DF7F18200F831A1 /* YSMWaterFallFlowLayout */,
				EEDCBA471DF54C9000C9CB4F /* YSMPageView */,
			);
			path = Vender;
			sourceTree = "<group>";
		};
		EEDCBA471DF54C9000C9CB4F /* YSMPageView */ = {
			isa = PBXGroup;
			children = (
				EEDCBA4E1DF5500700C9CB4F /* YSMPageViewStye.swift */,
				EEDCBA481DF54CA800C9CB4F /* YSMPageView.swift */,
				EEDCBA4A1DF54CB600C9CB4F /* YSMPageTitleView.swift */,
				EEDCBA4C1DF54D2200C9CB4F /* YSMPageContentView.swift */,
			);
			path = YSMPageView;
			sourceTree = "<group>";
		};
		EEFFA7F01DF7F18200F831A1 /* YSMWaterFallFlowLayout */ = {
			isa = PBXGroup;
			children = (
				EED984371DF9434C005485E2 /* YSMWaterFallFlowReadMe.swift */,
				EEFFA7F11DF7F1D500F831A1 /* YSMFlowLayout.swift */,
			);
			path = YSMWaterFallFlowLayout;
			sourceTree = "<group>";
		};
/* End PBXGroup section */

/* Begin PBXNativeTarget section */
		EEDCBA2B1DF53ADF00C9CB4F /* YSMFactory-swift */ = {
			isa = PBXNativeTarget;
			buildConfigurationList = EEDCBA3E1DF53ADF00C9CB4F /* Build configuration list for PBXNativeTarget "YSMFactory-swift" */;
			buildPhases = (
				AFCD6FC428CD49FDEA3CA409 /* [CP] Check Pods Manifest.lock */,
				EEDCBA281DF53ADF00C9CB4F /* Sources */,
				EEDCBA291DF53ADF00C9CB4F /* Frameworks */,
				EEDCBA2A1DF53ADF00C9CB4F /* Resources */,
				3B0191E785BFA99A3F7C682A /* [CP] Embed Pods Frameworks */,
				DD125782F5F36F96C95A8BC3 /* [CP] Copy Pods Resources */,
			);
			buildRules = (
			);
			dependencies = (
			);
			name = "YSMFactory-swift";
			productName = "YSMFactory-swift";
			productReference = EEDCBA2C1DF53ADF00C9CB4F /* YSMFactory-swift.app */;
			productType = "com.apple.product-type.application";
		};
/* End PBXNativeTarget section */

/* Begin PBXProject section */
		EEDCBA241DF53ADF00C9CB4F /* Project object */ = {
			isa = PBXProject;
			attributes = {
				LastSwiftUpdateCheck = 0810;
				LastUpgradeCheck = 0810;
				ORGANIZATIONNAME = "忆思梦";
				TargetAttributes = {
					EEDCBA2B1DF53ADF00C9CB4F = {
						CreatedOnToolsVersion = 8.1;
						DevelopmentTeam = PK59D9X298;
						ProvisioningStyle = Automatic;
					};
				};
			};
			buildConfigurationList = EEDCBA271DF53ADF00C9CB4F /* Build configuration list for PBXProject "YSMFactory-swift" */;
			compatibilityVersion = "Xcode 3.2";
			developmentRegion = English;
			hasScannedForEncodings = 0;
			knownRegions = (
				en,
				Base,
			);
			mainGroup = EEDCBA231DF53ADF00C9CB4F;
			productRefGroup = EEDCBA2D1DF53ADF00C9CB4F /* Products */;
			projectDirPath = "";
			projectRoot = "";
			targets = (
				EEDCBA2B1DF53ADF00C9CB4F /* YSMFactory-swift */,
			);
		};
/* End PBXProject section */

/* Begin PBXResourcesBuildPhase section */
		EEDCBA2A1DF53ADF00C9CB4F /* Resources */ = {
			isa = PBXResourcesBuildPhase;
			buildActionMask = 2147483647;
			files = (
				EEDCBA3A1DF53ADF00C9CB4F /* LaunchScreen.storyboard in Resources */,
				EEDCBA371DF53ADF00C9CB4F /* Assets.xcassets in Resources */,
				EEDCBA351DF53ADF00C9CB4F /* Main.storyboard in Resources */,
			);
			runOnlyForDeploymentPostprocessing = 0;
		};
/* End PBXResourcesBuildPhase section */

/* Begin PBXShellScriptBuildPhase section */
		3B0191E785BFA99A3F7C682A /* [CP] Embed Pods Frameworks */ = {
			isa = PBXShellScriptBuildPhase;
			buildActionMask = 2147483647;
			files = (
			);
			inputPaths = (
			);
			name = "[CP] Embed Pods Frameworks";
			outputPaths = (
			);
			runOnlyForDeploymentPostprocessing = 0;
			shellPath = /bin/sh;
			shellScript = "\"${SRCROOT}/Pods/Target Support Files/Pods-YSMFactory-swift/Pods-YSMFactory-swift-frameworks.sh\"\n";
			showEnvVarsInLog = 0;
		};
		AFCD6FC428CD49FDEA3CA409 /* [CP] Check Pods Manifest.lock */ = {
			isa = PBXShellScriptBuildPhase;
			buildActionMask = 2147483647;
			files = (
			);
			inputPaths = (
			);
			name = "[CP] Check Pods Manifest.lock";
			outputPaths = (
			);
			runOnlyForDeploymentPostprocessing = 0;
			shellPath = /bin/sh;
			shellScript = "diff \"${PODS_ROOT}/../Podfile.lock\" \"${PODS_ROOT}/Manifest.lock\" > /dev/null\nif [ $? != 0 ] ; then\n    # print error to STDERR\n    echo \"error: The sandbox is not in sync with the Podfile.lock. Run 'pod install' or update your CocoaPods installation.\" >&2\n    exit 1\nfi\n";
			showEnvVarsInLog = 0;
		};
		DD125782F5F36F96C95A8BC3 /* [CP] Copy Pods Resources */ = {
			isa = PBXShellScriptBuildPhase;
			buildActionMask = 2147483647;
			files = (
			);
			inputPaths = (
			);
			name = "[CP] Copy Pods Resources";
			outputPaths = (
			);
			runOnlyForDeploymentPostprocessing = 0;
			shellPath = /bin/sh;
			shellScript = "\"${SRCROOT}/Pods/Target Support Files/Pods-YSMFactory-swift/Pods-YSMFactory-swift-resources.sh\"\n";
			showEnvVarsInLog = 0;
		};
/* End PBXShellScriptBuildPhase section */

/* Begin PBXSourcesBuildPhase section */
		EEDCBA281DF53ADF00C9CB4F /* Sources */ = {
			isa = PBXSourcesBuildPhase;
			buildActionMask = 2147483647;
			files = (
				EE22FCEA1E00F5400034165F /* Person.swift in Sources */,
				EED984381DF9434C005485E2 /* YSMWaterFallFlowReadMe.swift in Sources */,
				EE0F5CC41DFA60DA00C297F0 /* YSMAdViewController.swift in Sources */,
				EE0F5CC61DFA645100C297F0 /* YSMAdLaunchStyle.swift in Sources */,
				EEDCBA4B1DF54CB600C9CB4F /* YSMPageTitleView.swift in Sources */,
				EEDCBA4D1DF54D2200C9CB4F /* YSMPageContentView.swift in Sources */,
				EEDCBA511DF55ACE00C9CB4F /* UIView+Extension.swift in Sources */,
				EEDCBA451DF53BD700C9CB4F /* UIColor+Extension.swift in Sources */,
				EE0F5CD01DFAD11000C297F0 /* YSMClass.swift in Sources */,
				EE22FCEC1E00F5590034165F /* Animal.swift in Sources */,
				EEDCBA491DF54CA800C9CB4F /* YSMPageView.swift in Sources */,
				EEFFA7F21DF7F1D500F831A1 /* YSMFlowLayout.swift in Sources */,
				EEDCBA321DF53ADF00C9CB4F /* ViewController.swift in Sources */,
				EEDCBA4F1DF5500700C9CB4F /* YSMPageViewStye.swift in Sources */,
				EEDCBA301DF53ADF00C9CB4F /* AppDelegate.swift in Sources */,
				EE0F5CD21DFAD11F00C297F0 /* YSMProtocol.swift in Sources */,
			);
			runOnlyForDeploymentPostprocessing = 0;
		};
/* End PBXSourcesBuildPhase section */

/* Begin PBXVariantGroup section */
		EEDCBA331DF53ADF00C9CB4F /* Main.storyboard */ = {
			isa = PBXVariantGroup;
			children = (
				EEDCBA341DF53ADF00C9CB4F /* Base */,
			);
			name = Main.storyboard;
			sourceTree = "<group>";
		};
		EEDCBA381DF53ADF00C9CB4F /* LaunchScreen.storyboard */ = {
			isa = PBXVariantGroup;
			children = (
				EEDCBA391DF53ADF00C9CB4F /* Base */,
			);
			name = LaunchScreen.storyboard;
			sourceTree = "<group>";
		};
/* End PBXVariantGroup section */

/* Begin XCBuildConfiguration section */
		EEDCBA3C1DF53ADF00C9CB4F /* Debug */ = {
			isa = XCBuildConfiguration;
			buildSettings = {
				ALWAYS_SEARCH_USER_PATHS = NO;
				CLANG_ANALYZER_NONNULL = YES;
				CLANG_CXX_LANGUAGE_STANDARD = "gnu++0x";
				CLANG_CXX_LIBRARY = "libc++";
				CLANG_ENABLE_MODULES = YES;
				CLANG_ENABLE_OBJC_ARC = YES;
				CLANG_WARN_BOOL_CONVERSION = YES;
				CLANG_WARN_CONSTANT_CONVERSION = YES;
				CLANG_WARN_DIRECT_OBJC_ISA_USAGE = YES_ERROR;
				CLANG_WARN_DOCUMENTATION_COMMENTS = YES;
				CLANG_WARN_EMPTY_BODY = YES;
				CLANG_WARN_ENUM_CONVERSION = YES;
				CLANG_WARN_INFINITE_RECURSION = YES;
				CLANG_WARN_INT_CONVERSION = YES;
				CLANG_WARN_OBJC_ROOT_CLASS = YES_ERROR;
				CLANG_WARN_SUSPICIOUS_MOVES = YES;
				CLANG_WARN_UNREACHABLE_CODE = YES;
				CLANG_WARN__DUPLICATE_METHOD_MATCH = YES;
				"CODE_SIGN_IDENTITY[sdk=iphoneos*]" = "iPhone Developer";
				COPY_PHASE_STRIP = NO;
				DEBUG_INFORMATION_FORMAT = dwarf;
				ENABLE_STRICT_OBJC_MSGSEND = YES;
				ENABLE_TESTABILITY = YES;
				GCC_C_LANGUAGE_STANDARD = gnu99;
				GCC_DYNAMIC_NO_PIC = NO;
				GCC_NO_COMMON_BLOCKS = YES;
				GCC_OPTIMIZATION_LEVEL = 0;
				GCC_PREPROCESSOR_DEFINITIONS = (
					"DEBUG=1",
					"$(inherited)",
				);
				GCC_WARN_64_TO_32_BIT_CONVERSION = YES;
				GCC_WARN_ABOUT_RETURN_TYPE = YES_ERROR;
				GCC_WARN_UNDECLARED_SELECTOR = YES;
				GCC_WARN_UNINITIALIZED_AUTOS = YES_AGGRESSIVE;
				GCC_WARN_UNUSED_FUNCTION = YES;
				GCC_WARN_UNUSED_VARIABLE = YES;
				IPHONEOS_DEPLOYMENT_TARGET = 10.1;
				MTL_ENABLE_DEBUG_INFO = YES;
				ONLY_ACTIVE_ARCH = YES;
				SDKROOT = iphoneos;
				SWIFT_ACTIVE_COMPILATION_CONDITIONS = DEBUG;
				SWIFT_OPTIMIZATION_LEVEL = "-Onone";
			};
			name = Debug;
		};
		EEDCBA3D1DF53ADF00C9CB4F /* Release */ = {
			isa = XCBuildConfiguration;
			buildSettings = {
				ALWAYS_SEARCH_USER_PATHS = NO;
				CLANG_ANALYZER_NONNULL = YES;
				CLANG_CXX_LANGUAGE_STANDARD = "gnu++0x";
				CLANG_CXX_LIBRARY = "libc++";
				CLANG_ENABLE_MODULES = YES;
				CLANG_ENABLE_OBJC_ARC = YES;
				CLANG_WARN_BOOL_CONVERSION = YES;
				CLANG_WARN_CONSTANT_CONVERSION = YES;
				CLANG_WARN_DIRECT_OBJC_ISA_USAGE = YES_ERROR;
				CLANG_WARN_DOCUMENTATION_COMMENTS = YES;
				CLANG_WARN_EMPTY_BODY = YES;
				CLANG_WARN_ENUM_CONVERSION = YES;
				CLANG_WARN_INFINITE_RECURSION = YES;
				CLANG_WARN_INT_CONVERSION = YES;
				CLANG_WARN_OBJC_ROOT_CLASS = YES_ERROR;
				CLANG_WARN_SUSPICIOUS_MOVES = YES;
				CLANG_WARN_UNREACHABLE_CODE = YES;
				CLANG_WARN__DUPLICATE_METHOD_MATCH = YES;
				"CODE_SIGN_IDENTITY[sdk=iphoneos*]" = "iPhone Developer";
				COPY_PHASE_STRIP = NO;
				DEBUG_INFORMATION_FORMAT = "dwarf-with-dsym";
				ENABLE_NS_ASSERTIONS = NO;
				ENABLE_STRICT_OBJC_MSGSEND = YES;
				GCC_C_LANGUAGE_STANDARD = gnu99;
				GCC_NO_COMMON_BLOCKS = YES;
				GCC_WARN_64_TO_32_BIT_CONVERSION = YES;
				GCC_WARN_ABOUT_RETURN_TYPE = YES_ERROR;
				GCC_WARN_UNDECLARED_SELECTOR = YES;
				GCC_WARN_UNINITIALIZED_AUTOS = YES_AGGRESSIVE;
				GCC_WARN_UNUSED_FUNCTION = YES;
				GCC_WARN_UNUSED_VARIABLE = YES;
				IPHONEOS_DEPLOYMENT_TARGET = 10.1;
				MTL_ENABLE_DEBUG_INFO = NO;
				SDKROOT = iphoneos;
				SWIFT_OPTIMIZATION_LEVEL = "-Owholemodule";
				VALIDATE_PRODUCT = YES;
			};
			name = Release;
		};
		EEDCBA3F1DF53ADF00C9CB4F /* Debug */ = {
			isa = XCBuildConfiguration;
			baseConfigurationReference = E54093A60A83EF430D6A4852 /* Pods-YSMFactory-swift.debug.xcconfig */;
			buildSettings = {
				ASSETCATALOG_COMPILER_APPICON_NAME = AppIcon;
				ASSETCATALOG_COMPILER_LAUNCHIMAGE_NAME = LaunchImage;
				"CODE_SIGN_IDENTITY[sdk=iphoneos*]" = "iPhone Developer";
				DEVELOPMENT_TEAM = PK59D9X298;
				INFOPLIST_FILE = "YSMFactory-swift/Info.plist";
				LD_RUNPATH_SEARCH_PATHS = "$(inherited) @executable_path/Frameworks";
				PRODUCT_BUNDLE_IDENTIFIER = "simeng.YSMFactory-swift";
				PRODUCT_NAME = "$(TARGET_NAME)";
				SWIFT_VERSION = 3.0;
			};
			name = Debug;
		};
		EEDCBA401DF53ADF00C9CB4F /* Release */ = {
			isa = XCBuildConfiguration;
			baseConfigurationReference = F90F0CCF81FCEDD8BB01C339 /* Pods-YSMFactory-swift.release.xcconfig */;
			buildSettings = {
				ASSETCATALOG_COMPILER_APPICON_NAME = AppIcon;
				ASSETCATALOG_COMPILER_LAUNCHIMAGE_NAME = LaunchImage;
				"CODE_SIGN_IDENTITY[sdk=iphoneos*]" = "iPhone Developer";
				DEVELOPMENT_TEAM = PK59D9X298;
				INFOPLIST_FILE = "YSMFactory-swift/Info.plist";
				LD_RUNPATH_SEARCH_PATHS = "$(inherited) @executable_path/Frameworks";
				PRODUCT_BUNDLE_IDENTIFIER = "simeng.YSMFactory-swift";
				PRODUCT_NAME = "$(TARGET_NAME)";
				SWIFT_VERSION = 3.0;
			};
			name = Release;
		};
/* End XCBuildConfiguration section */

/* Begin XCConfigurationList section */
		EEDCBA271DF53ADF00C9CB4F /* Build configuration list for PBXProject "YSMFactory-swift" */ = {
			isa = XCConfigurationList;
			buildConfigurations = (
				EEDCBA3C1DF53ADF00C9CB4F /* Debug */,
				EEDCBA3D1DF53ADF00C9CB4F /* Release */,
			);
			defaultConfigurationIsVisible = 0;
			defaultConfigurationName = Release;
		};
		EEDCBA3E1DF53ADF00C9CB4F /* Build configuration list for PBXNativeTarget "YSMFactory-swift" */ = {
			isa = XCConfigurationList;
			buildConfigurations = (
				EEDCBA3F1DF53ADF00C9CB4F /* Debug */,
				EEDCBA401DF53ADF00C9CB4F /* Release */,
			);
			defaultConfigurationIsVisible = 0;
			defaultConfigurationName = Release;
		};
/* End XCConfigurationList section */
	};
	rootObject = EEDCBA241DF53ADF00C9CB4F /* Project object */;
}
